# This file is automatically @generated by Poetry 1.7.1 and should not be changed by hand.

[[package]]
name = "colorama"
version = "0.4.6"
description = "Cross-platform colored terminal text."
optional = false
python-versions = "!=3.0.*,!=3.1.*,!=3.2.*,!=3.3.*,!=3.4.*,!=3.5.*,!=3.6.*,>=2.7"
files = [
    {file = "colorama-0.4.6-py2.py3-none-any.whl", hash = "sha256:4f1d9991f5acc0ca119f9d443620b77f9d6b33703e51011c16baf57afb285fc6"},
    {file = "colorama-0.4.6.tar.gz", hash = "sha256:08695f5cb7ed6e0531a20572697297273c47b8cae5a63ffc6d6ed5c201be6e44"},
]

[[package]]
name = "exceptiongroup"
version = "1.2.0"
description = "Backport of PEP 654 (exception groups)"
optional = false
python-versions = ">=3.7"
files = [
    {file = "exceptiongroup-1.2.0-py3-none-any.whl", hash = "sha256:4bfd3996ac73b41e9b9628b04e079f193850720ea5945fc96a08633c66912f14"},
    {file = "exceptiongroup-1.2.0.tar.gz", hash = "sha256:91f5c769735f051a4290d52edd0858999b57e5876e9f85937691bd4c9fa3ed68"},
]

[package.extras]
test = ["pytest (>=6)"]

[[package]]
name = "iniconfig"
version = "2.0.0"
description = "brain-dead simple config-ini parsing"
optional = false
python-versions = ">=3.7"
files = [
    {file = "iniconfig-2.0.0-py3-none-any.whl", hash = "sha256:b6a85871a79d2e3b22d2d1b94ac2824226a63c6b741c88f7ae975f18b6778374"},
    {file = "iniconfig-2.0.0.tar.gz", hash = "sha256:2d91e135bf72d31a410b17c16da610a82cb55f6b0477d1a902134b24a455b8b3"},
]

[[package]]
name = "msgpack"
version = "1.0.7"
description = "MessagePack serializer"
optional = false
python-versions = ">=3.8"
files = [
    {file = "msgpack-1.0.7-cp310-cp310-macosx_10_9_universal2.whl", hash = "sha256:04ad6069c86e531682f9e1e71b71c1c3937d6014a7c3e9edd2aa81ad58842862"},
    {file = "msgpack-1.0.7-cp310-cp310-macosx_10_9_x86_64.whl", hash = "sha256:cca1b62fe70d761a282496b96a5e51c44c213e410a964bdffe0928e611368329"},
    {file = "msgpack-1.0.7-cp310-cp310-macosx_11_0_arm64.whl", hash = "sha256:e50ebce52f41370707f1e21a59514e3375e3edd6e1832f5e5235237db933c98b"},
    {file = "msgpack-1.0.7-cp310-cp310-manylinux_2_17_aarch64.manylinux2014_aarch64.whl", hash = "sha256:4a7b4f35de6a304b5533c238bee86b670b75b03d31b7797929caa7a624b5dda6"},
    {file = "msgpack-1.0.7-cp310-cp310-manylinux_2_17_x86_64.manylinux2014_x86_64.whl", hash = "sha256:28efb066cde83c479dfe5a48141a53bc7e5f13f785b92ddde336c716663039ee"},
    {file = "msgpack-1.0.7-cp310-cp310-manylinux_2_5_i686.manylinux1_i686.manylinux_2_17_i686.manylinux2014_i686.whl", hash = "sha256:4cb14ce54d9b857be9591ac364cb08dc2d6a5c4318c1182cb1d02274029d590d"},
    {file = "msgpack-1.0.7-cp310-cp310-musllinux_1_1_aarch64.whl", hash = "sha256:b573a43ef7c368ba4ea06050a957c2a7550f729c31f11dd616d2ac4aba99888d"},
    {file = "msgpack-1.0.7-cp310-cp310-musllinux_1_1_i686.whl", hash = "sha256:ccf9a39706b604d884d2cb1e27fe973bc55f2890c52f38df742bc1d79ab9f5e1"},
    {file = "msgpack-1.0.7-cp310-cp310-musllinux_1_1_x86_64.whl", hash = "sha256:cb70766519500281815dfd7a87d3a178acf7ce95390544b8c90587d76b227681"},
    {file = "msgpack-1.0.7-cp310-cp310-win32.whl", hash = "sha256:b610ff0f24e9f11c9ae653c67ff8cc03c075131401b3e5ef4b82570d1728f8a9"},
    {file = "msgpack-1.0.7-cp310-cp310-win_amd64.whl", hash = "sha256:a40821a89dc373d6427e2b44b572efc36a2778d3f543299e2f24eb1a5de65415"},
    {file = "msgpack-1.0.7-cp311-cp311-macosx_10_9_universal2.whl", hash = "sha256:576eb384292b139821c41995523654ad82d1916da6a60cff129c715a6223ea84"},
    {file = "msgpack-1.0.7-cp311-cp311-macosx_10_9_x86_64.whl", hash = "sha256:730076207cb816138cf1af7f7237b208340a2c5e749707457d70705715c93b93"},
    {file = "msgpack-1.0.7-cp311-cp311-macosx_11_0_arm64.whl", hash = "sha256:85765fdf4b27eb5086f05ac0491090fc76f4f2b28e09d9350c31aac25a5aaff8"},
    {file = "msgpack-1.0.7-cp311-cp311-manylinux_2_17_aarch64.manylinux2014_aarch64.whl", hash = "sha256:3476fae43db72bd11f29a5147ae2f3cb22e2f1a91d575ef130d2bf49afd21c46"},
    {file = "msgpack-1.0.7-cp311-cp311-manylinux_2_17_x86_64.manylinux2014_x86_64.whl", hash = "sha256:6d4c80667de2e36970ebf74f42d1088cc9ee7ef5f4e8c35eee1b40eafd33ca5b"},
    {file = "msgpack-1.0.7-cp311-cp311-manylinux_2_5_i686.manylinux1_i686.manylinux_2_17_i686.manylinux2014_i686.whl", hash = "sha256:5b0bf0effb196ed76b7ad883848143427a73c355ae8e569fa538365064188b8e"},
    {file = "msgpack-1.0.7-cp311-cp311-musllinux_1_1_aarch64.whl", hash = "sha256:f9a7c509542db4eceed3dcf21ee5267ab565a83555c9b88a8109dcecc4709002"},
    {file = "msgpack-1.0.7-cp311-cp311-musllinux_1_1_i686.whl", hash = "sha256:84b0daf226913133f899ea9b30618722d45feffa67e4fe867b0b5ae83a34060c"},
    {file = "msgpack-1.0.7-cp311-cp311-musllinux_1_1_x86_64.whl", hash = "sha256:ec79ff6159dffcc30853b2ad612ed572af86c92b5168aa3fc01a67b0fa40665e"},
    {file = "msgpack-1.0.7-cp311-cp311-win32.whl", hash = "sha256:3e7bf4442b310ff154b7bb9d81eb2c016b7d597e364f97d72b1acc3817a0fdc1"},
    {file = "msgpack-1.0.7-cp311-cp311-win_amd64.whl", hash = "sha256:3f0c8c6dfa6605ab8ff0611995ee30d4f9fcff89966cf562733b4008a3d60d82"},
    {file = "msgpack-1.0.7-cp312-cp312-macosx_10_9_universal2.whl", hash = "sha256:f0936e08e0003f66bfd97e74ee530427707297b0d0361247e9b4f59ab78ddc8b"},
    {file = "msgpack-1.0.7-cp312-cp312-macosx_10_9_x86_64.whl", hash = "sha256:98bbd754a422a0b123c66a4c341de0474cad4a5c10c164ceed6ea090f3563db4"},
    {file = "msgpack-1.0.7-cp312-cp312-macosx_11_0_arm64.whl", hash = "sha256:b291f0ee7961a597cbbcc77709374087fa2a9afe7bdb6a40dbbd9b127e79afee"},
    {file = "msgpack-1.0.7-cp312-cp312-manylinux_2_17_aarch64.manylinux2014_aarch64.whl", hash = "sha256:ebbbba226f0a108a7366bf4b59bf0f30a12fd5e75100c630267d94d7f0ad20e5"},
    {file = "msgpack-1.0.7-cp312-cp312-manylinux_2_17_x86_64.manylinux2014_x86_64.whl", hash = "sha256:1e2d69948e4132813b8d1131f29f9101bc2c915f26089a6d632001a5c1349672"},
    {file = "msgpack-1.0.7-cp312-cp312-manylinux_2_5_i686.manylinux1_i686.manylinux_2_17_i686.manylinux2014_i686.whl", hash = "sha256:bdf38ba2d393c7911ae989c3bbba510ebbcdf4ecbdbfec36272abe350c454075"},
    {file = "msgpack-1.0.7-cp312-cp312-musllinux_1_1_aarch64.whl", hash = "sha256:993584fc821c58d5993521bfdcd31a4adf025c7d745bbd4d12ccfecf695af5ba"},
    {file = "msgpack-1.0.7-cp312-cp312-musllinux_1_1_i686.whl", hash = "sha256:52700dc63a4676669b341ba33520f4d6e43d3ca58d422e22ba66d1736b0a6e4c"},
    {file = "msgpack-1.0.7-cp312-cp312-musllinux_1_1_x86_64.whl", hash = "sha256:e45ae4927759289c30ccba8d9fdce62bb414977ba158286b5ddaf8df2cddb5c5"},
    {file = "msgpack-1.0.7-cp312-cp312-win32.whl", hash = "sha256:27dcd6f46a21c18fa5e5deed92a43d4554e3df8d8ca5a47bf0615d6a5f39dbc9"},
    {file = "msgpack-1.0.7-cp312-cp312-win_amd64.whl", hash = "sha256:7687e22a31e976a0e7fc99c2f4d11ca45eff652a81eb8c8085e9609298916dcf"},
    {file = "msgpack-1.0.7-cp38-cp38-macosx_10_9_universal2.whl", hash = "sha256:5b6ccc0c85916998d788b295765ea0e9cb9aac7e4a8ed71d12e7d8ac31c23c95"},
    {file = "msgpack-1.0.7-cp38-cp38-macosx_10_9_x86_64.whl", hash = "sha256:235a31ec7db685f5c82233bddf9858748b89b8119bf4538d514536c485c15fe0"},
    {file = "msgpack-1.0.7-cp38-cp38-macosx_11_0_arm64.whl", hash = "sha256:cab3db8bab4b7e635c1c97270d7a4b2a90c070b33cbc00c99ef3f9be03d3e1f7"},
    {file = "msgpack-1.0.7-cp38-cp38-manylinux_2_17_aarch64.manylinux2014_aarch64.whl", hash = "sha256:0bfdd914e55e0d2c9e1526de210f6fe8ffe9705f2b1dfcc4aecc92a4cb4b533d"},
    {file = "msgpack-1.0.7-cp38-cp38-manylinux_2_17_x86_64.manylinux2014_x86_64.whl", hash = "sha256:36e17c4592231a7dbd2ed09027823ab295d2791b3b1efb2aee874b10548b7524"},
    {file = "msgpack-1.0.7-cp38-cp38-manylinux_2_5_i686.manylinux1_i686.manylinux_2_17_i686.manylinux2014_i686.whl", hash = "sha256:38949d30b11ae5f95c3c91917ee7a6b239f5ec276f271f28638dec9156f82cfc"},
    {file = "msgpack-1.0.7-cp38-cp38-musllinux_1_1_aarch64.whl", hash = "sha256:ff1d0899f104f3921d94579a5638847f783c9b04f2d5f229392ca77fba5b82fc"},
    {file = "msgpack-1.0.7-cp38-cp38-musllinux_1_1_i686.whl", hash = "sha256:dc43f1ec66eb8440567186ae2f8c447d91e0372d793dfe8c222aec857b81a8cf"},
    {file = "msgpack-1.0.7-cp38-cp38-musllinux_1_1_x86_64.whl", hash = "sha256:dd632777ff3beaaf629f1ab4396caf7ba0bdd075d948a69460d13d44357aca4c"},
    {file = "msgpack-1.0.7-cp38-cp38-win32.whl", hash = "sha256:4e71bc4416de195d6e9b4ee93ad3f2f6b2ce11d042b4d7a7ee00bbe0358bd0c2"},
    {file = "msgpack-1.0.7-cp38-cp38-win_amd64.whl", hash = "sha256:8f5b234f567cf76ee489502ceb7165c2a5cecec081db2b37e35332b537f8157c"},
    {file = "msgpack-1.0.7-cp39-cp39-macosx_10_9_universal2.whl", hash = "sha256:bfef2bb6ef068827bbd021017a107194956918ab43ce4d6dc945ffa13efbc25f"},
    {file = "msgpack-1.0.7-cp39-cp39-macosx_10_9_x86_64.whl", hash = "sha256:484ae3240666ad34cfa31eea7b8c6cd2f1fdaae21d73ce2974211df099a95d81"},
    {file = "msgpack-1.0.7-cp39-cp39-macosx_11_0_arm64.whl", hash = "sha256:3967e4ad1aa9da62fd53e346ed17d7b2e922cba5ab93bdd46febcac39be636fc"},
    {file = "msgpack-1.0.7-cp39-cp39-manylinux_2_17_aarch64.manylinux2014_aarch64.whl", hash = "sha256:8dd178c4c80706546702c59529ffc005681bd6dc2ea234c450661b205445a34d"},
    {file = "msgpack-1.0.7-cp39-cp39-manylinux_2_17_x86_64.manylinux2014_x86_64.whl", hash = "sha256:f6ffbc252eb0d229aeb2f9ad051200668fc3a9aaa8994e49f0cb2ffe2b7867e7"},
    {file = "msgpack-1.0.7-cp39-cp39-manylinux_2_5_i686.manylinux1_i686.manylinux_2_17_i686.manylinux2014_i686.whl", hash = "sha256:822ea70dc4018c7e6223f13affd1c5c30c0f5c12ac1f96cd8e9949acddb48a61"},
    {file = "msgpack-1.0.7-cp39-cp39-musllinux_1_1_aarch64.whl", hash = "sha256:384d779f0d6f1b110eae74cb0659d9aa6ff35aaf547b3955abf2ab4c901c4819"},
    {file = "msgpack-1.0.7-cp39-cp39-musllinux_1_1_i686.whl", hash = "sha256:f64e376cd20d3f030190e8c32e1c64582eba56ac6dc7d5b0b49a9d44021b52fd"},
    {file = "msgpack-1.0.7-cp39-cp39-musllinux_1_1_x86_64.whl", hash = "sha256:5ed82f5a7af3697b1c4786053736f24a0efd0a1b8a130d4c7bfee4b9ded0f08f"},
    {file = "msgpack-1.0.7-cp39-cp39-win32.whl", hash = "sha256:f26a07a6e877c76a88e3cecac8531908d980d3d5067ff69213653649ec0f60ad"},
    {file = "msgpack-1.0.7-cp39-cp39-win_amd64.whl", hash = "sha256:1dc93e8e4653bdb5910aed79f11e165c85732067614f180f70534f056da97db3"},
    {file = "msgpack-1.0.7.tar.gz", hash = "sha256:572efc93db7a4d27e404501975ca6d2d9775705c2d922390d878fcf768d92c87"},
]

[[package]]
name = "packaging"
version = "23.2"
description = "Core utilities for Python packages"
optional = false
python-versions = ">=3.7"
files = [
    {file = "packaging-23.2-py3-none-any.whl", hash = "sha256:8c491190033a9af7e1d931d0b5dacc2ef47509b34dd0de67ed209b5203fc88c7"},
    {file = "packaging-23.2.tar.gz", hash = "sha256:048fb0e9405036518eaaf48a55953c750c11e1a1b68e0dd1a9d62ed0c092cfc5"},
]

[[package]]
name = "pluggy"
version = "1.4.0"
description = "plugin and hook calling mechanisms for python"
optional = false
python-versions = ">=3.8"
files = [
    {file = "pluggy-1.4.0-py3-none-any.whl", hash = "sha256:7db9f7b503d67d1c5b95f59773ebb58a8c1c288129a88665838012cfb07b8981"},
    {file = "pluggy-1.4.0.tar.gz", hash = "sha256:8c85c2876142a764e5b7548e7d9a0e0ddb46f5185161049a79b7e974454223be"},
]

[package.extras]
dev = ["pre-commit", "tox"]
testing = ["pytest", "pytest-benchmark"]

[[package]]
name = "pytest"
version = "7.4.4"
description = "pytest: simple powerful testing with Python"
optional = false
python-versions = ">=3.7"
files = [
    {file = "pytest-7.4.4-py3-none-any.whl", hash = "sha256:b090cdf5ed60bf4c45261be03239c2c1c22df034fbffe691abe93cd80cea01d8"},
    {file = "pytest-7.4.4.tar.gz", hash = "sha256:2cf0005922c6ace4a3e2ec8b4080eb0d9753fdc93107415332f50ce9e7994280"},
]

[package.dependencies]
colorama = {version = "*", markers = "sys_platform == \"win32\""}
exceptiongroup = {version = ">=1.0.0rc8", markers = "python_version < \"3.11\""}
iniconfig = "*"
packaging = "*"
pluggy = ">=0.12,<2.0"
tomli = {version = ">=1.0.0", markers = "python_version < \"3.11\""}

[package.extras]
testing = ["argcomplete", "attrs (>=19.2.0)", "hypothesis (>=3.56)", "mock", "nose", "pygments (>=2.7.2)", "requests", "setuptools", "xmlschema"]

[[package]]
name = "pytest-asyncio"
version = "0.23.4"
description = "Pytest support for asyncio"
optional = false
python-versions = ">=3.8"
files = [
    {file = "pytest-asyncio-0.23.4.tar.gz", hash = "sha256:2143d9d9375bf372a73260e4114541485e84fca350b0b6b92674ca56ff5f7ea2"},
    {file = "pytest_asyncio-0.23.4-py3-none-any.whl", hash = "sha256:b0079dfac14b60cd1ce4691fbfb1748fe939db7d0234b5aba97197d10fbe0fef"},
]

[package.dependencies]
pytest = ">=7.0.0,<8"

[package.extras]
docs = ["sphinx (>=5.3)", "sphinx-rtd-theme (>=1.0)"]
testing = ["coverage (>=6.2)", "hypothesis (>=5.7.1)"]

[[package]]
name = "tomli"
version = "2.0.1"
description = "A lil' TOML parser"
optional = false
python-versions = ">=3.7"
files = [
    {file = "tomli-2.0.1-py3-none-any.whl", hash = "sha256:939de3e7a6161af0c887ef91b7d41a53e7c5a1ca976325f429cb46ea9bc30ecc"},
    {file = "tomli-2.0.1.tar.gz", hash = "sha256:de526c12914f0c550d15924c62d72abc48d6fe7364aa87328337a31007fe8a4f"},
]

[[package]]
name = "websockets"
version = "12.0"
description = "An implementation of the WebSocket Protocol (RFC 6455 & 7692)"
optional = false
python-versions = ">=3.8"
files = [
    {file = "websockets-12.0-cp310-cp310-macosx_10_9_universal2.whl", hash = "sha256:d554236b2a2006e0ce16315c16eaa0d628dab009c33b63ea03f41c6107958374"},
    {file = "websockets-12.0-cp310-cp310-macosx_10_9_x86_64.whl", hash = "sha256:2d225bb6886591b1746b17c0573e29804619c8f755b5598d875bb4235ea639be"},
    {file = "websockets-12.0-cp310-cp310-macosx_11_0_arm64.whl", hash = "sha256:eb809e816916a3b210bed3c82fb88eaf16e8afcf9c115ebb2bacede1797d2547"},
    {file = "websockets-12.0-cp310-cp310-manylinux_2_17_aarch64.manylinux2014_aarch64.whl", hash = "sha256:c588f6abc13f78a67044c6b1273a99e1cf31038ad51815b3b016ce699f0d75c2"},
    {file = "websockets-12.0-cp310-cp310-manylinux_2_5_i686.manylinux1_i686.manylinux_2_17_i686.manylinux2014_i686.whl", hash = "sha256:5aa9348186d79a5f232115ed3fa9020eab66d6c3437d72f9d2c8ac0c6858c558"},
    {file = "websockets-12.0-cp310-cp310-manylinux_2_5_x86_64.manylinux1_x86_64.manylinux_2_17_x86_64.manylinux2014_x86_64.whl", hash = "sha256:6350b14a40c95ddd53e775dbdbbbc59b124a5c8ecd6fbb09c2e52029f7a9f480"},
    {file = "websockets-12.0-cp310-cp310-musllinux_1_1_aarch64.whl", hash = "sha256:70ec754cc2a769bcd218ed8d7209055667b30860ffecb8633a834dde27d6307c"},
    {file = "websockets-12.0-cp310-cp310-musllinux_1_1_i686.whl", hash = "sha256:6e96f5ed1b83a8ddb07909b45bd94833b0710f738115751cdaa9da1fb0cb66e8"},
    {file = "websockets-12.0-cp310-cp310-musllinux_1_1_x86_64.whl", hash = "sha256:4d87be612cbef86f994178d5186add3d94e9f31cc3cb499a0482b866ec477603"},
    {file = "websockets-12.0-cp310-cp310-win32.whl", hash = "sha256:befe90632d66caaf72e8b2ed4d7f02b348913813c8b0a32fae1cc5fe3730902f"},
    {file = "websockets-12.0-cp310-cp310-win_amd64.whl", hash = "sha256:363f57ca8bc8576195d0540c648aa58ac18cf85b76ad5202b9f976918f4219cf"},
    {file = "websockets-12.0-cp311-cp311-macosx_10_9_universal2.whl", hash = "sha256:5d873c7de42dea355d73f170be0f23788cf3fa9f7bed718fd2830eefedce01b4"},
    {file = "websockets-12.0-cp311-cp311-macosx_10_9_x86_64.whl", hash = "sha256:3f61726cae9f65b872502ff3c1496abc93ffbe31b278455c418492016e2afc8f"},
    {file = "websockets-12.0-cp311-cp311-macosx_11_0_arm64.whl", hash = "sha256:ed2fcf7a07334c77fc8a230755c2209223a7cc44fc27597729b8ef5425aa61a3"},
    {file = "websockets-12.0-cp311-cp311-manylinux_2_17_aarch64.manylinux2014_aarch64.whl", hash = "sha256:8e332c210b14b57904869ca9f9bf4ca32f5427a03eeb625da9b616c85a3a506c"},
    {file = "websockets-12.0-cp311-cp311-manylinux_2_5_i686.manylinux1_i686.manylinux_2_17_i686.manylinux2014_i686.whl", hash = "sha256:5693ef74233122f8ebab026817b1b37fe25c411ecfca084b29bc7d6efc548f45"},
    {file = "websockets-12.0-cp311-cp311-manylinux_2_5_x86_64.manylinux1_x86_64.manylinux_2_17_x86_64.manylinux2014_x86_64.whl", hash = "sha256:6e9e7db18b4539a29cc5ad8c8b252738a30e2b13f033c2d6e9d0549b45841c04"},
    {file = "websockets-12.0-cp311-cp311-musllinux_1_1_aarch64.whl", hash = "sha256:6e2df67b8014767d0f785baa98393725739287684b9f8d8a1001eb2839031447"},
    {file = "websockets-12.0-cp311-cp311-musllinux_1_1_i686.whl", hash = "sha256:bea88d71630c5900690fcb03161ab18f8f244805c59e2e0dc4ffadae0a7ee0ca"},
    {file = "websockets-12.0-cp311-cp311-musllinux_1_1_x86_64.whl", hash = "sha256:dff6cdf35e31d1315790149fee351f9e52978130cef6c87c4b6c9b3baf78bc53"},
    {file = "websockets-12.0-cp311-cp311-win32.whl", hash = "sha256:3e3aa8c468af01d70332a382350ee95f6986db479ce7af14d5e81ec52aa2b402"},
    {file = "websockets-12.0-cp311-cp311-win_amd64.whl", hash = "sha256:25eb766c8ad27da0f79420b2af4b85d29914ba0edf69f547cc4f06ca6f1d403b"},
    {file = "websockets-12.0-cp312-cp312-macosx_10_9_universal2.whl", hash = "sha256:0e6e2711d5a8e6e482cacb927a49a3d432345dfe7dea8ace7b5790df5932e4df"},
    {file = "websockets-12.0-cp312-cp312-macosx_10_9_x86_64.whl", hash = "sha256:dbcf72a37f0b3316e993e13ecf32f10c0e1259c28ffd0a85cee26e8549595fbc"},
    {file = "websockets-12.0-cp312-cp312-macosx_11_0_arm64.whl", hash = "sha256:12743ab88ab2af1d17dd4acb4645677cb7063ef4db93abffbf164218a5d54c6b"},
    {file = "websockets-12.0-cp312-cp312-manylinux_2_17_aarch64.manylinux2014_aarch64.whl", hash = "sha256:7b645f491f3c48d3f8a00d1fce07445fab7347fec54a3e65f0725d730d5b99cb"},
    {file = "websockets-12.0-cp312-cp312-manylinux_2_5_i686.manylinux1_i686.manylinux_2_17_i686.manylinux2014_i686.whl", hash = "sha256:9893d1aa45a7f8b3bc4510f6ccf8db8c3b62120917af15e3de247f0780294b92"},
    {file = "websockets-12.0-cp312-cp312-manylinux_2_5_x86_64.manylinux1_x86_64.manylinux_2_17_x86_64.manylinux2014_x86_64.whl", hash = "sha256:1f38a7b376117ef7aff996e737583172bdf535932c9ca021746573bce40165ed"},
    {file = "websockets-12.0-cp312-cp312-musllinux_1_1_aarch64.whl", hash = "sha256:f764ba54e33daf20e167915edc443b6f88956f37fb606449b4a5b10ba42235a5"},
    {file = "websockets-12.0-cp312-cp312-musllinux_1_1_i686.whl", hash = "sha256:1e4b3f8ea6a9cfa8be8484c9221ec0257508e3a1ec43c36acdefb2a9c3b00aa2"},
    {file = "websockets-12.0-cp312-cp312-musllinux_1_1_x86_64.whl", hash = "sha256:9fdf06fd06c32205a07e47328ab49c40fc1407cdec801d698a7c41167ea45113"},
    {file = "websockets-12.0-cp312-cp312-win32.whl", hash = "sha256:baa386875b70cbd81798fa9f71be689c1bf484f65fd6fb08d051a0ee4e79924d"},
    {file = "websockets-12.0-cp312-cp312-win_amd64.whl", hash = "sha256:ae0a5da8f35a5be197f328d4727dbcfafa53d1824fac3d96cdd3a642fe09394f"},
    {file = "websockets-12.0-cp38-cp38-macosx_10_9_universal2.whl", hash = "sha256:5f6ffe2c6598f7f7207eef9a1228b6f5c818f9f4d53ee920aacd35cec8110438"},
    {file = "websockets-12.0-cp38-cp38-macosx_10_9_x86_64.whl", hash = "sha256:9edf3fc590cc2ec20dc9d7a45108b5bbaf21c0d89f9fd3fd1685e223771dc0b2"},
    {file = "websockets-12.0-cp38-cp38-macosx_11_0_arm64.whl", hash = "sha256:8572132c7be52632201a35f5e08348137f658e5ffd21f51f94572ca6c05ea81d"},
    {file = "websockets-12.0-cp38-cp38-manylinux_2_17_aarch64.manylinux2014_aarch64.whl", hash = "sha256:604428d1b87edbf02b233e2c207d7d528460fa978f9e391bd8aaf9c8311de137"},
    {file = "websockets-12.0-cp38-cp38-manylinux_2_5_i686.manylinux1_i686.manylinux_2_17_i686.manylinux2014_i686.whl", hash = "sha256:1a9d160fd080c6285e202327aba140fc9a0d910b09e423afff4ae5cbbf1c7205"},
    {file = "websockets-12.0-cp38-cp38-manylinux_2_5_x86_64.manylinux1_x86_64.manylinux_2_17_x86_64.manylinux2014_x86_64.whl", hash = "sha256:87b4aafed34653e465eb77b7c93ef058516cb5acf3eb21e42f33928616172def"},
    {file = "websockets-12.0-cp38-cp38-musllinux_1_1_aarch64.whl", hash = "sha256:b2ee7288b85959797970114deae81ab41b731f19ebcd3bd499ae9ca0e3f1d2c8"},
    {file = "websockets-12.0-cp38-cp38-musllinux_1_1_i686.whl", hash = "sha256:7fa3d25e81bfe6a89718e9791128398a50dec6d57faf23770787ff441d851967"},
    {file = "websockets-12.0-cp38-cp38-musllinux_1_1_x86_64.whl", hash = "sha256:a571f035a47212288e3b3519944f6bf4ac7bc7553243e41eac50dd48552b6df7"},
    {file = "websockets-12.0-cp38-cp38-win32.whl", hash = "sha256:3c6cc1360c10c17463aadd29dd3af332d4a1adaa8796f6b0e9f9df1fdb0bad62"},
    {file = "websockets-12.0-cp38-cp38-win_amd64.whl", hash = "sha256:1bf386089178ea69d720f8db6199a0504a406209a0fc23e603b27b300fdd6892"},
    {file = "websockets-12.0-cp39-cp39-macosx_10_9_universal2.whl", hash = "sha256:ab3d732ad50a4fbd04a4490ef08acd0517b6ae6b77eb967251f4c263011a990d"},
    {file = "websockets-12.0-cp39-cp39-macosx_10_9_x86_64.whl", hash = "sha256:a1d9697f3337a89691e3bd8dc56dea45a6f6d975f92e7d5f773bc715c15dde28"},
    {file = "websockets-12.0-cp39-cp39-macosx_11_0_arm64.whl", hash = "sha256:1df2fbd2c8a98d38a66f5238484405b8d1d16f929bb7a33ed73e4801222a6f53"},
    {file = "websockets-12.0-cp39-cp39-manylinux_2_17_aarch64.manylinux2014_aarch64.whl", hash = "sha256:23509452b3bc38e3a057382c2e941d5ac2e01e251acce7adc74011d7d8de434c"},
    {file = "websockets-12.0-cp39-cp39-manylinux_2_5_i686.manylinux1_i686.manylinux_2_17_i686.manylinux2014_i686.whl", hash = "sha256:2e5fc14ec6ea568200ea4ef46545073da81900a2b67b3e666f04adf53ad452ec"},
    {file = "websockets-12.0-cp39-cp39-manylinux_2_5_x86_64.manylinux1_x86_64.manylinux_2_17_x86_64.manylinux2014_x86_64.whl", hash = "sha256:46e71dbbd12850224243f5d2aeec90f0aaa0f2dde5aeeb8fc8df21e04d99eff9"},
    {file = "websockets-12.0-cp39-cp39-musllinux_1_1_aarch64.whl", hash = "sha256:b81f90dcc6c85a9b7f29873beb56c94c85d6f0dac2ea8b60d995bd18bf3e2aae"},
    {file = "websockets-12.0-cp39-cp39-musllinux_1_1_i686.whl", hash = "sha256:a02413bc474feda2849c59ed2dfb2cddb4cd3d2f03a2fedec51d6e959d9b608b"},
    {file = "websockets-12.0-cp39-cp39-musllinux_1_1_x86_64.whl", hash = "sha256:bbe6013f9f791944ed31ca08b077e26249309639313fff132bfbf3ba105673b9"},
    {file = "websockets-12.0-cp39-cp39-win32.whl", hash = "sha256:cbe83a6bbdf207ff0541de01e11904827540aa069293696dd528a6640bd6a5f6"},
    {file = "websockets-12.0-cp39-cp39-win_amd64.whl", hash = "sha256:fc4e7fa5414512b481a2483775a8e8be7803a35b30ca805afa4998a84f9fd9e8"},
    {file = "websockets-12.0-pp310-pypy310_pp73-macosx_10_9_x86_64.whl", hash = "sha256:248d8e2446e13c1d4326e0a6a4e9629cb13a11195051a73acf414812700badbd"},
    {file = "websockets-12.0-pp310-pypy310_pp73-manylinux_2_17_aarch64.manylinux2014_aarch64.whl", hash = "sha256:f44069528d45a933997a6fef143030d8ca8042f0dfaad753e2906398290e2870"},
    {file = "websockets-12.0-pp310-pypy310_pp73-manylinux_2_5_i686.manylinux1_i686.manylinux_2_17_i686.manylinux2014_i686.whl", hash = "sha256:c4e37d36f0d19f0a4413d3e18c0d03d0c268ada2061868c1e6f5ab1a6d575077"},
    {file = "websockets-12.0-pp310-pypy310_pp73-manylinux_2_5_x86_64.manylinux1_x86_64.manylinux_2_17_x86_64.manylinux2014_x86_64.whl", hash = "sha256:3d829f975fc2e527a3ef2f9c8f25e553eb7bc779c6665e8e1d52aa22800bb38b"},
    {file = "websockets-12.0-pp310-pypy310_pp73-win_amd64.whl", hash = "sha256:2c71bd45a777433dd9113847af751aae36e448bc6b8c361a566cb043eda6ec30"},
    {file = "websockets-12.0-pp38-pypy38_pp73-macosx_10_9_x86_64.whl", hash = "sha256:0bee75f400895aef54157b36ed6d3b308fcab62e5260703add87f44cee9c82a6"},
    {file = "websockets-12.0-pp38-pypy38_pp73-manylinux_2_17_aarch64.manylinux2014_aarch64.whl", hash = "sha256:423fc1ed29f7512fceb727e2d2aecb952c46aa34895e9ed96071821309951123"},
    {file = "websockets-12.0-pp38-pypy38_pp73-manylinux_2_5_i686.manylinux1_i686.manylinux_2_17_i686.manylinux2014_i686.whl", hash = "sha256:27a5e9964ef509016759f2ef3f2c1e13f403725a5e6a1775555994966a66e931"},
    {file = "websockets-12.0-pp38-pypy38_pp73-manylinux_2_5_x86_64.manylinux1_x86_64.manylinux_2_17_x86_64.manylinux2014_x86_64.whl", hash = "sha256:c3181df4583c4d3994d31fb235dc681d2aaad744fbdbf94c4802485ececdecf2"},
    {file = "websockets-12.0-pp38-pypy38_pp73-win_amd64.whl", hash = "sha256:b067cb952ce8bf40115f6c19f478dc71c5e719b7fbaa511359795dfd9d1a6468"},
    {file = "websockets-12.0-pp39-pypy39_pp73-macosx_10_9_x86_64.whl", hash = "sha256:00700340c6c7ab788f176d118775202aadea7602c5cc6be6ae127761c16d6b0b"},
    {file = "websockets-12.0-pp39-pypy39_pp73-manylinux_2_17_aarch64.manylinux2014_aarch64.whl", hash = "sha256:e469d01137942849cff40517c97a30a93ae79917752b34029f0ec72df6b46399"},
    {file = "websockets-12.0-pp39-pypy39_pp73-manylinux_2_5_i686.manylinux1_i686.manylinux_2_17_i686.manylinux2014_i686.whl", hash = "sha256:ffefa1374cd508d633646d51a8e9277763a9b78ae71324183693959cf94635a7"},
    {file = "websockets-12.0-pp39-pypy39_pp73-manylinux_2_5_x86_64.manylinux1_x86_64.manylinux_2_17_x86_64.manylinux2014_x86_64.whl", hash = "sha256:ba0cab91b3956dfa9f512147860783a1829a8d905ee218a9837c18f683239611"},
    {file = "websockets-12.0-pp39-pypy39_pp73-win_amd64.whl", hash = "sha256:2cb388a5bfb56df4d9a406783b7f9dbefb888c09b71629351cc6b036e9259370"},
    {file = "websockets-12.0-py3-none-any.whl", hash = "sha256:dc284bbc8d7c78a6c69e0c7325ab46ee5e40bb4d50e494d8131a07ef47500e9e"},
    {file = "websockets-12.0.tar.gz", hash = "sha256:81df9cbcbb6c260de1e007e58c011bfebe2dafc8435107b0537f393dd38c8b1b"},
]

[metadata]
lock-version = "2.0"
python-versions = "^3.8"
content-hash = "29e3441ca52cbb92c0d7806712ca92877ecccd8185ab7285ea294b4666c635fc"
